
Microsoft Visual Studio Solution File, Format Version 12.00
# Visual Studio 2013
VisualStudioVersion = 12.0.40629.0
MinimumVisualStudioVersion = 10.0.40219.1
Project("{FAE04EC0-301F-11D3-BF4B-00C04F79EFBC}") = "CollaborativeTextEditor", "CollaborativeTextEditor\CollaborativeTextEditor.csproj", "{88E106FD-9EBC-414A-8967-34962903B92D}"
EndProject
Project("{FAE04EC0-301F-11D3-BF4B-00C04F79EFBC}") = "CollaborativeTextEditor.Web", "CollaborativeTextEditor.Web\CollaborativeTextEditor.Web.csproj", "{B59B5FD5-4B9C-4977-A590-3FF6BAFF216F}"
EndProject
Global
	GlobalSection(SolutionConfigurationPlatforms) = preSolution
		Debug|Any CPU = Debug|Any CPU
		Release|Any CPU = Release|Any CPU
	EndGlobalSection
	GlobalSection(ProjectConfigurationPlatforms) = postSolution
		{88E106FD-9EBC-414A-8967-34962903B92D}.Debug|Any CPU.ActiveCfg = Debug|Any CPU
		{88E106FD-9EBC-414A-8967-34962903B92D}.Debug|Any CPU.Build.0 = Debug|Any CPU
		{88E106FD-9EBC-414A-8967-34962903B92D}.Release|Any CPU.ActiveCfg = Release|Any CPU
		{88E106FD-9EBC-414A-8967-34962903B92D}.Release|Any CPU.Build.0 = Release|Any CPU
		{B59B5FD5-4B9C-4977-A590-3FF6BAFF216F}.Debug|Any CPU.ActiveCfg = Debug|Any CPU
		{B59B5FD5-4B9C-4977-A590-3FF6BAFF216F}.Debug|Any CPU.Build.0 = Debug|Any CPU
		{B59B5FD5-4B9C-4977-A590-3FF6BAFF216F}.Release|Any CPU.ActiveCfg = Release|Any CPU
		{B59B5FD5-4B9C-4977-A590-3FF6BAFF216F}.Release|Any CPU.Build.0 = Release|Any CPU
	EndGlobalSection
	GlobalSection(SolutionProperties) = preSolution
		HideSolutionNode = FALSE
	EndGlobalSection
EndGlobal
